
Microsoft Visual Studio Solution File, Format Version 12.00
# Visual Studio Version 17
VisualStudioVersion = 17.6.33829.357
MinimumVisualStudioVersion = 10.0.40219.1
Project("{9A19103F-16F7-4668-BE54-9A1E7A4F7556}") = "TechnoAcademyApi", "TechnoAcademyApi.csproj", "{2865CC6C-2D1F-40C6-9EE7-46A20F4427EE}"
EndProject
Global
	GlobalSection(SolutionConfigurationPlatforms) = preSolution
		Debug|Any CPU = Debug|Any CPU
		Release|Any CPU = Release|Any CPU
	EndGlobalSection
	GlobalSection(ProjectConfigurationPlatforms) = postSolution
		{2865CC6C-2D1F-40C6-9EE7-46A20F4427EE}.Debug|Any CPU.ActiveCfg = Debug|Any CPU
		{2865CC6C-2D1F-40C6-9EE7-46A20F4427EE}.Debug|Any CPU.Build.0 = Debug|Any CPU
		{2865CC6C-2D1F-40C6-9EE7-46A20F4427EE}.Release|Any CPU.ActiveCfg = Release|Any CPU
		{2865CC6C-2D1F-40C6-9EE7-46A20F4427EE}.Release|Any CPU.Build.0 = Release|Any CPU
	EndGlobalSection
	GlobalSection(SolutionProperties) = preSolution
		HideSolutionNode = FALSE
	EndGlobalSection
	GlobalSection(ExtensibilityGlobals) = postSolution
		SolutionGuid = {6C8167AD-FFCF-4120-A9E3-E313DDEF3131}
	EndGlobalSection
EndGlobal
